
Microsoft Visual Studio Solution File, Format Version 12.00
# Visual Studio Version 17
VisualStudioVersion = 17.5.002.0
MinimumVisualStudioVersion = 10.0.40219.1
Project("{9A19103F-16F7-4668-BE54-9A1E7A4F7556}") = "Cactech", "Cactech\Cactech.csproj", "{508D1C5F-3E1F-48E5-B5AB-202639C1EEAE}"
EndProject
Global
	GlobalSection(SolutionConfigurationPlatforms) = preSolution
		Debug|Any CPU = Debug|Any CPU
		Release|Any CPU = Release|Any CPU
	EndGlobalSection
	GlobalSection(ProjectConfigurationPlatforms) = postSolution
		{508D1C5F-3E1F-48E5-B5AB-202639C1EEAE}.Debug|Any CPU.ActiveCfg = Debug|Any CPU
		{508D1C5F-3E1F-48E5-B5AB-202639C1EEAE}.Debug|Any CPU.Build.0 = Debug|Any CPU
		{508D1C5F-3E1F-48E5-B5AB-202639C1EEAE}.Release|Any CPU.ActiveCfg = Release|Any CPU
		{508D1C5F-3E1F-48E5-B5AB-202639C1EEAE}.Release|Any CPU.Build.0 = Release|Any CPU
	EndGlobalSection
	GlobalSection(SolutionProperties) = preSolution
		HideSolutionNode = FALSE
	EndGlobalSection
	GlobalSection(ExtensibilityGlobals) = postSolution
		SolutionGuid = {AFECC56C-D9A0-4FF2-B6D8-EC875424A717}
	EndGlobalSection
EndGlobal
